// !$*UTF8*$!
{
	archiveVersion = 1;
	classes = {
	};
	objectVersion = 77;
	objects = {

/* Begin PBXBuildFile section */
		774570BB2DDD0216004AB32E /* Chiui in Frameworks */ = {isa = PBXBuildFile; productRef = 774570BA2DDD0216004AB32E /* Chiui */; };
		77BF54992F7579CE00E1D60D /* Chiui in Frameworks */ = {isa = PBXBuildFile; productRef = 77BF54982F7579CE00E1D60D /* Chiui */; };
		77BF55082F7D4D2100E1D60D /* Chiui in Frameworks */ = {isa = PBXBuildFile; productRef = 77BF55072F7D4D2100E1D60D /* Chiui */; };
		77BF550B2F7D4D6400E1D60D /* Chiui in Frameworks */ = {isa = PBXBuildFile; productRef = 77BF550A2F7D4D6400E1D60D /* Chiui */; };
		77BF550E2F7D4D7200E1D60D /* Chiui in Frameworks */ = {isa = PBXBuildFile; productRef = 77BF550D2F7D4D7200E1D60D /* Chiui */; };
		77BF55652F8535DA00E1D60D /* Chiui in Frameworks */ = {isa = PBXBuildFile; productRef = 77BF55642F8535DA00E1D60D /* Chiui */; };
/* End PBXBuildFile section */

/* Begin PBXContainerItemProxy section */
		774570662DDCFF05004AB32E /* PBXContainerItemProxy */ = {
			isa = PBXContainerItemProxy;
			containerPortal = 7745704C2DDCFF04004AB32E /* Project object */;
			proxyType = 1;
			remoteGlobalIDString = 774570532DDCFF04004AB32E;
			remoteInfo = DiaryApp;
		};
		774570702DDCFF05004AB32E /* PBXContainerItemProxy */ = {
			isa = PBXContainerItemProxy;
			containerPortal = 7745704C2DDCFF04004AB32E /* Project object */;
			proxyType = 1;
			remoteGlobalIDString = 774570532DDCFF04004AB32E;
			remoteInfo = DiaryApp;
		};
/* End PBXContainerItemProxy section */

/* Begin PBXFileReference section */
		774570542DDCFF04004AB32E /* DiaryApp.app */ = {isa = PBXFileReference; explicitFileType = wrapper.application; includeInIndex = 0; path = DiaryApp.app; sourceTree = BUILT_PRODUCTS_DIR; };
		774570652DDCFF05004AB32E /* DiaryAppTests.xctest */ = {isa = PBXFileReference; explicitFileType = wrapper.cfbundle; includeInIndex = 0; path = DiaryAppTests.xctest; sourceTree = BUILT_PRODUCTS_DIR; };
		7745706F2DDCFF05004AB32E /* DiaryAppUITests.xctest */ = {isa = PBXFileReference; explicitFileType = wrapper.cfbundle; includeInIndex = 0; path = DiaryAppUITests.xctest; sourceTree = BUILT_PRODUCTS_DIR; };
/* End PBXFileReference section */

/* Begin PBXFileSystemSynchronizedRootGroup section */
		774570562DDCFF04004AB32E /* DiaryApp */ = {
			isa = PBXFileSystemSynchronizedRootGroup;
			path = DiaryApp;
			sourceTree = "<group>";
		};
		774570682DDCFF05004AB32E /* DiaryAppTests */ = {
			isa = PBXFileSystemSynchronizedRootGroup;
			path = DiaryAppTests;
			sourceTree = "<group>";
		};
		774570722DDCFF05004AB32E /* DiaryAppUITests */ = {
			isa = PBXFileSystemSynchronizedRootGroup;
			path = DiaryAppUITests;
			sourceTree = "<group>";
		};
/* End PBXFileSystemSynchronizedRootGroup section */

/* Begin PBXFrameworksBuildPhase section */
		774570512DDCFF04004AB32E /* Frameworks */ = {
			isa = PBXFrameworksBuildPhase;
			buildActionMask = 2147483647;
			files = (
				77BF55082F7D4D2100E1D60D /* Chiui in Frameworks */,
				774570BB2DDD0216004AB32E /* Chiui in Frameworks */,
				77BF54992F7579CE00E1D60D /* Chiui in Frameworks */,
				77BF55652F8535DA00E1D60D /* Chiui in Frameworks */,
				77BF550B2F7D4D6400E1D60D /* Chiui in Frameworks */,
				77BF550E2F7D4D7200E1D60D /* Chiui in Frameworks */,
			);
			runOnlyForDeploymentPostprocessing = 0;
		};
		774570622DDCFF05004AB32E /* Frameworks */ = {
			isa = PBXFrameworksBuildPhase;
			buildActionMask = 2147483647;
			files = (
			);
			runOnlyForDeploymentPostprocessing = 0;
		};
		7745706C2DDCFF05004AB32E /* Frameworks */ = {
			isa = PBXFrameworksBuildPhase;
			buildActionMask = 2147483647;
			files = (
			);
			runOnlyForDeploymentPostprocessing = 0;
		};
/* End PBXFrameworksBuildPhase section */

/* Begin PBXGroup section */
		7745704B2DDCFF04004AB32E = {
			isa = PBXGroup;
			children = (
				774570562DDCFF04004AB32E /* DiaryApp */,
				774570682DDCFF05004AB32E /* DiaryAppTests */,
				774570722DDCFF05004AB32E /* DiaryAppUITests */,
				774570552DDCFF04004AB32E /* Products */,
			);
			sourceTree = "<group>";
		};
		774570552DDCFF04004AB32E /* Products */ = {
			isa = PBXGroup;
			children = (
				774570542DDCFF04004AB32E /* DiaryApp.app */,
				774570652DDCFF05004AB32E /* DiaryAppTests.xctest */,
				7745706F2DDCFF05004AB32E /* DiaryAppUITests.xctest */,
			);
			name = Products;
			sourceTree = "<group>";
		};
/* End PBXGroup section */

/* Begin PBXNativeTarget section */
		774570532DDCFF04004AB32E /* DiaryApp */ = {
			isa = PBXNativeTarget;
			buildConfigurationList = 774570792DDCFF05004AB32E /* Build configuration list for PBXNativeTarget "DiaryApp" */;
			buildPhases = (
				774570502DDCFF04004AB32E /* Sources */,
				774570512DDCFF04004AB32E /* Frameworks */,
				774570522DDCFF04004AB32E /* Resources */,
			);
			buildRules = (
			);
			dependencies = (
			);
			fileSystemSynchronizedGroups = (
				774570562DDCFF04004AB32E /* DiaryApp */,
			);
			name = DiaryApp;
			packageProductDependencies = (
				774570BA2DDD0216004AB32E /* Chiui */,
				77BF54982F7579CE00E1D60D /* Chiui */,
				77BF55072F7D4D2100E1D60D /* Chiui */,
				77BF550A2F7D4D6400E1D60D /* Chiui */,
				77BF550D2F7D4D7200E1D60D /* Chiui */,
				77BF55642F8535DA00E1D60D /* Chiui */,
			);
			productName = DiaryApp;
			productReference = 774570542DDCFF04004AB32E /* DiaryApp.app */;
			productType = "com.apple.product-type.application";
		};
		774570642DDCFF05004AB32E /* DiaryAppTests */ = {
			isa = PBXNativeTarget;
			buildConfigurationList = 7745707C2DDCFF05004AB32E /* Build configuration list for PBXNativeTarget "DiaryAppTests" */;
			buildPhases = (
				774570612DDCFF05004AB32E /* Sources */,
				774570622DDCFF05004AB32E /* Frameworks */,
				774570632DDCFF05004AB32E /* Resources */,
			);
			buildRules = (
			);
			dependencies = (
				774570672DDCFF05004AB32E /* PBXTargetDependency */,
			);
			fileSystemSynchronizedGroups = (
				774570682DDCFF05004AB32E /* DiaryAppTests */,
			);
			name = DiaryAppTests;
			packageProductDependencies = (
			);
			productName = DiaryAppTests;
			productReference = 774570652DDCFF05004AB32E /* DiaryAppTests.xctest */;
			productType = "com.apple.product-type.bundle.unit-test";
		};
		7745706E2DDCFF05004AB32E /* DiaryAppUITests */ = {
			isa = PBXNativeTarget;
			buildConfigurationList = 7745707F2DDCFF05004AB32E /* Build configuration list for PBXNativeTarget "DiaryAppUITests" */;
			buildPhases = (
				7745706B2DDCFF05004AB32E /* Sources */,
				7745706C2DDCFF05004AB32E /* Frameworks */,
				7745706D2DDCFF05004AB32E /* Resources */,
			);
			buildRules = (
			);
			dependencies = (
				774570712DDCFF05004AB32E /* PBXTargetDependency */,
			);
			fileSystemSynchronizedGroups = (
				774570722DDCFF05004AB32E /* DiaryAppUITests */,
			);
			name = DiaryAppUITests;
			packageProductDependencies = (
			);
			productName = DiaryAppUITests;
			productReference = 7745706F2DDCFF05004AB32E /* DiaryAppUITests.xctest */;
			productType = "com.apple.product-type.bundle.ui-testing";
		};
/* End PBXNativeTarget section */

/* Begin PBXProject section */
		7745704C2DDCFF04004AB32E /* Project object */ = {
			isa = PBXProject;
			attributes = {
				BuildIndependentTargetsInParallel = 1;
				LastSwiftUpdateCheck = 1620;
				LastUpgradeCheck = 2630;
				TargetAttributes = {
					774570532DDCFF04004AB32E = {
						CreatedOnToolsVersion = 16.2;
					};
					774570642DDCFF05004AB32E = {
						CreatedOnToolsVersion = 16.2;
						TestTargetID = 774570532DDCFF04004AB32E;
					};
					7745706E2DDCFF05004AB32E = {
						CreatedOnToolsVersion = 16.2;
						TestTargetID = 774570532DDCFF04004AB32E;
					};
				};
			};
			buildConfigurationList = 7745704F2DDCFF04004AB32E /* Build configuration list for PBXProject "DiaryApp" */;
			developmentRegion = en;
			hasScannedForEncodings = 0;
			knownRegions = (
				en,
				Base,
			);
			mainGroup = 7745704B2DDCFF04004AB32E;
			minimizedProjectReferenceProxies = 1;
			packageReferences = (
				77BF55632F8535DA00E1D60D /* XCRemoteSwiftPackageReference "chiui" */,
			);
			preferredProjectObjectVersion = 77;
			productRefGroup = 774570552DDCFF04004AB32E /* Products */;
			projectDirPath = "";
			projectRoot = "";
			targets = (
				774570532DDCFF04004AB32E /* DiaryApp */,
				774570642DDCFF05004AB32E /* DiaryAppTests */,
				7745706E2DDCFF05004AB32E /* DiaryAppUITests */,
			);
		};
/* End PBXProject section */

/* Begin PBXResourcesBuildPhase section */
		774570522DDCFF04004AB32E /* Resources */ = {
			isa = PBXResourcesBuildPhase;
			buildActionMask = 2147483647;
			files = (
			);
			runOnlyForDeploymentPostprocessing = 0;
		};
		774570632DDCFF05004AB32E /* Resources */ = {
			isa = PBXResourcesBuildPhase;
			buildActionMask = 2147483647;
			files = (
			);
			runOnlyForDeploymentPostprocessing = 0;
		};
		7745706D2DDCFF05004AB32E /* Resources */ = {
			isa = PBXResourcesBuildPhase;
			buildActionMask = 2147483647;
			files = (
			);
			runOnlyForDeploymentPostprocessing = 0;
		};
/* End PBXResourcesBuildPhase section */

/* Begin PBXSourcesBuildPhase section */
		774570502DDCFF04004AB32E /* Sources */ = {
			isa = PBXSourcesBuildPhase;
			buildActionMask = 2147483647;
			files = (
			);
			runOnlyForDeploymentPostprocessing = 0;
		};
		774570612DDCFF05004AB32E /* Sources */ = {
			isa = PBXSourcesBuildPhase;
			buildActionMask = 2147483647;
			files = (
			);
			runOnlyForDeploymentPostprocessing = 0;
		};
		7745706B2DDCFF05004AB32E /* Sources */ = {
			isa = PBXSourcesBuildPhase;
			buildActionMask = 2147483647;
			files = (
			);
			runOnlyForDeploymentPostprocessing = 0;
		};
/* End PBXSourcesBuildPhase section */

/* Begin PBXTargetDependency section */
		774570672DDCFF05004AB32E /* PBXTargetDependency */ = {
			isa = PBXTargetDependency;
			target = 774570532DDCFF04004AB32E /* DiaryApp */;
			targetProxy = 774570662DDCFF05004AB32E /* PBXContainerItemProxy */;
		};
		774570712DDCFF05004AB32E /* PBXTargetDependency */ = {
			isa = PBXTargetDependency;
			target = 774570532DDCFF04004AB32E /* DiaryApp */;
			targetProxy = 774570702DDCFF05004AB32E /* PBXContainerItemProxy */;
		};
/* End PBXTargetDependency section */

/* Begin XCBuildConfiguration section */
		774570772DDCFF05004AB32E /* Debug */ = {
			isa = XCBuildConfiguration;
			buildSettings = {
				ALWAYS_SEARCH_USER_PATHS = NO;
				ASSETCATALOG_COMPILER_GENERATE_SWIFT_ASSET_SYMBOL_EXTENSIONS = YES;
				CLANG_ANALYZER_NONNULL = YES;
				CLANG_ANALYZER_NUMBER_OBJECT_CONVERSION = YES_AGGRESSIVE;
				CLANG_CXX_LANGUAGE_STANDARD = "gnu++20";
				CLANG_ENABLE_MODULES = YES;
				CLANG_ENABLE_OBJC_ARC = YES;
				CLANG_ENABLE_OBJC_WEAK = YES;
				CLANG_WARN_BLOCK_CAPTURE_AUTORELEASING = YES;
				CLANG_WARN_BOOL_CONVERSION = YES;
				CLANG_WARN_COMMA = YES;
				CLANG_WARN_CONSTANT_CONVERSION = YES;
				CLANG_WARN_DEPRECATED_OBJC_IMPLEMENTATIONS = YES;
				CLANG_WARN_DIRECT_OBJC_ISA_USAGE = YES_ERROR;
				CLANG_WARN_DOCUMENTATION_COMMENTS = YES;
				CLANG_WARN_EMPTY_BODY = YES;
				CLANG_WARN_ENUM_CONVERSION = YES;
				CLANG_WARN_INFINITE_RECURSION = YES;
				CLANG_WARN_INT_CONVERSION = YES;
				CLANG_WARN_NON_LITERAL_NULL_CONVERSION = YES;
				CLANG_WARN_OBJC_IMPLICIT_RETAIN_SELF = YES;
				CLANG_WARN_OBJC_LITERAL_CONVERSION = YES;
				CLANG_WARN_OBJC_ROOT_CLASS = YES_ERROR;
				CLANG_WARN_QUOTED_INCLUDE_IN_FRAMEWORK_HEADER = YES;
				CLANG_WARN_RANGE_LOOP_ANALYSIS = YES;
				CLANG_WARN_STRICT_PROTOTYPES = YES;
				CLANG_WARN_SUSPICIOUS_MOVE = YES;
				CLANG_WARN_UNGUARDED_AVAILABILITY = YES_AGGRESSIVE;
				CLANG_WARN_UNREACHABLE_CODE = YES;
				CLANG_WARN__DUPLICATE_METHOD_MATCH = YES;
				COPY_PHASE_STRIP = NO;
				DEAD_CODE_STRIPPING = YES;
				DEBUG_INFORMATION_FORMAT = dwarf;
				ENABLE_STRICT_OBJC_MSGSEND = YES;
				ENABLE_TESTABILITY = YES;
				ENABLE_USER_SCRIPT_SANDBOXING = YES;
				GCC_C_LANGUAGE_STANDARD = gnu17;
				GCC_DYNAMIC_NO_PIC = NO;
				GCC_NO_COMMON_BLOCKS = YES;
				GCC_OPTIMIZATION_LEVEL = 0;
				GCC_PREPROCESSOR_DEFINITIONS = (
					"DEBUG=1",
					"$(inherited)",
				);
				GCC_WARN_64_TO_32_BIT_CONVERSION = YES;
				GCC_WARN_ABOUT_RETURN_TYPE = YES_ERROR;
				GCC_WARN_UNDECLARED_SELECTOR = YES;
				GCC_WARN_UNINITIALIZED_AUTOS = YES_AGGRESSIVE;
				GCC_WARN_UNUSED_FUNCTION = YES;
				GCC_WARN_UNUSED_VARIABLE = YES;
				LOCALIZATION_PREFERS_STRING_CATALOGS = YES;
				MTL_ENABLE_DEBUG_INFO = INCLUDE_SOURCE;
				MTL_FAST_MATH = YES;
				ONLY_ACTIVE_ARCH = YES;
				STRING_CATALOG_GENERATE_SYMBOLS = YES;
				SWIFT_ACTIVE_COMPILATION_CONDITIONS = "DEBUG $(inherited)";
				SWIFT_OPTIMIZATION_LEVEL = "-Onone";
			};
			name = Debug;
		};
		774570782DDCFF05004AB32E /* Release */ = {
			isa = XCBuildConfiguration;
			buildSettings = {
				ALWAYS_SEARCH_USER_PATHS = NO;
				ASSETCATALOG_COMPILER_GENERATE_SWIFT_ASSET_SYMBOL_EXTENSIONS = YES;
				CLANG_ANALYZER_NONNULL = YES;
				CLANG_ANALYZER_NUMBER_OBJECT_CONVERSION = YES_AGGRESSIVE;
				CLANG_CXX_LANGUAGE_STANDARD = "gnu++20";
				CLANG_ENABLE_MODULES = YES;
				CLANG_ENABLE_OBJC_ARC = YES;
				CLANG_ENABLE_OBJC_WEAK = YES;
				CLANG_WARN_BLOCK_CAPTURE_AUTORELEASING = YES;
				CLANG_WARN_BOOL_CONVERSION = YES;
				CLANG_WARN_COMMA = YES;
				CLANG_WARN_CONSTANT_CONVERSION = YES;
				CLANG_WARN_DEPRECATED_OBJC_IMPLEMENTATIONS = YES;
				CLANG_WARN_DIRECT_OBJC_ISA_USAGE = YES_ERROR;
				CLANG_WARN_DOCUMENTATION_COMMENTS = YES;
				CLANG_WARN_EMPTY_BODY = YES;
				CLANG_WARN_ENUM_CONVERSION = YES;
				CLANG_WARN_INFINITE_RECURSION = YES;
				CLANG_WARN_INT_CONVERSION = YES;
				CLANG_WARN_NON_LITERAL_NULL_CONVERSION = YES;
				CLANG_WARN_OBJC_IMPLICIT_RETAIN_SELF = YES;
				CLANG_WARN_OBJC_LITERAL_CONVERSION = YES;
				CLANG_WARN_OBJC_ROOT_CLASS = YES_ERROR;
				CLANG_WARN_QUOTED_INCLUDE_IN_FRAMEWORK_HEADER = YES;
				CLANG_WARN_RANGE_LOOP_ANALYSIS = YES;
				CLANG_WARN_STRICT_PROTOTYPES = YES;
				CLANG_WARN_SUSPICIOUS_MOVE = YES;
				CLANG_WARN_UNGUARDED_AVAILABILITY = YES_AGGRESSIVE;
				CLANG_WARN_UNREACHABLE_CODE = YES;
				CLANG_WARN__DUPLICATE_METHOD_MATCH = YES;
				COPY_PHASE_STRIP = NO;
				DEAD_CODE_STRIPPING = YES;
				DEBUG_INFORMATION_FORMAT = "dwarf-with-dsym";
				ENABLE_NS_ASSERTIONS = NO;
				ENABLE_STRICT_OBJC_MSGSEND = YES;
				ENABLE_USER_SCRIPT_SANDBOXING = YES;
				GCC_C_LANGUAGE_STANDARD = gnu17;
				GCC_NO_COMMON_BLOCKS = YES;
				GCC_WARN_64_TO_32_BIT_CONVERSION = YES;
				GCC_WARN_ABOUT_RETURN_TYPE = YES_ERROR;
				GCC_WARN_UNDECLARED_SELECTOR = YES;
				GCC_WARN_UNINITIALIZED_AUTOS = YES_AGGRESSIVE;
				GCC_WARN_UNUSED_FUNCTION = YES;
				GCC_WARN_UNUSED_VARIABLE = YES;
				LOCALIZATION_PREFERS_STRING_CATALOGS = YES;
				MTL_ENABLE_DEBUG_INFO = NO;
				MTL_FAST_MATH = YES;
				STRING_CATALOG_GENERATE_SYMBOLS = YES;
				SWIFT_COMPILATION_MODE = wholemodule;
			};
			name = Release;
		};
		7745707A2DDCFF05004AB32E /* Debug */ = {
			isa = XCBuildConfiguration;
			buildSettings = {
				ASSETCATALOG_COMPILER_APPICON_NAME = AppIcon;
				ASSETCATALOG_COMPILER_GLOBAL_ACCENT_COLOR_NAME = AccentColor;
				CODE_SIGN_ENTITLEMENTS = DiaryApp/DiaryApp.entitlements;
				CODE_SIGN_STYLE = Automatic;
				CURRENT_PROJECT_VERSION = 1;
				DEAD_CODE_STRIPPING = YES;
				DEVELOPMENT_ASSET_PATHS = "\"DiaryApp/Preview Content\"";
				ENABLE_APP_SANDBOX = YES;
				ENABLE_PREVIEWS = YES;
				ENABLE_USER_SELECTED_FILES = readonly;
				GENERATE_INFOPLIST_FILE = YES;
				"INFOPLIST_KEY_UIApplicationSceneManifest_Generation[sdk=iphoneos*]" = YES;
				"INFOPLIST_KEY_UIApplicationSceneManifest_Generation[sdk=iphonesimulator*]" = YES;
				"INFOPLIST_KEY_UIApplicationSupportsIndirectInputEvents[sdk=iphoneos*]" = YES;
				"INFOPLIST_KEY_UIApplicationSupportsIndirectInputEvents[sdk=iphonesimulator*]" = YES;
				"INFOPLIST_KEY_UILaunchScreen_Generation[sdk=iphoneos*]" = YES;
				"INFOPLIST_KEY_UILaunchScreen_Generation[sdk=iphonesimulator*]" = YES;
				"INFOPLIST_KEY_UIStatusBarStyle[sdk=iphoneos*]" = UIStatusBarStyleDefault;
				"INFOPLIST_KEY_UIStatusBarStyle[sdk=iphonesimulator*]" = UIStatusBarStyleDefault;
				INFOPLIST_KEY_UISupportedInterfaceOrientations_iPad = "UIInterfaceOrientationPortrait UIInterfaceOrientationPortraitUpsideDown UIInterfaceOrientationLandscapeLeft UIInterfaceOrientationLandscapeRight";
				INFOPLIST_KEY_UISupportedInterfaceOrientations_iPhone = "UIInterfaceOrientationPortrait UIInterfaceOrientationLandscapeLeft UIInterfaceOrientationLandscapeRight";
				IPHONEOS_DEPLOYMENT_TARGET = 18.2;
				LD_RUNPATH_SEARCH_PATHS = "@executable_path/Frameworks";
				"LD_RUNPATH_SEARCH_PATHS[sdk=macosx*]" = "@executable_path/../Frameworks";
				MACOSX_DEPLOYMENT_TARGET = 15.2;
				MARKETING_VERSION = 1.0;
				PRODUCT_BUNDLE_IDENTIFIER = com.bindify.DiaryApp;
				PRODUCT_NAME = "$(TARGET_NAME)";
				SDKROOT = auto;
				SUPPORTED_PLATFORMS = "iphoneos iphonesimulator macosx xros xrsimulator";
				SWIFT_EMIT_LOC_STRINGS = YES;
				SWIFT_VERSION = 5.0;
				TARGETED_DEVICE_FAMILY = "1,2,7";
				XROS_DEPLOYMENT_TARGET = 2.2;
			};
			name = Debug;
		};
		7745707B2DDCFF05004AB32E /* Release */ = {
			isa = XCBuildConfiguration;
			buildSettings = {
				ASSETCATALOG_COMPILER_APPICON_NAME = AppIcon;
				ASSETCATALOG_COMPILER_GLOBAL_ACCENT_COLOR_NAME = AccentColor;
				CODE_SIGN_ENTITLEMENTS = DiaryApp/DiaryApp.entitlements;
				CODE_SIGN_STYLE = Automatic;
				CURRENT_PROJECT_VERSION = 1;
				DEAD_CODE_STRIPPING = YES;
				DEVELOPMENT_ASSET_PATHS = "\"DiaryApp/Preview Content\"";
				ENABLE_APP_SANDBOX = YES;
				ENABLE_PREVIEWS = YES;
				ENABLE_USER_SELECTED_FILES = readonly;
				GENERATE_INFOPLIST_FILE = YES;
				"INFOPLIST_KEY_UIApplicationSceneManifest_Generation[sdk=iphoneos*]" = YES;
				"INFOPLIST_KEY_UIApplicationSceneManifest_Generation[sdk=iphonesimulator*]" = YES;
				"INFOPLIST_KEY_UIApplicationSupportsIndirectInputEvents[sdk=iphoneos*]" = YES;
				"INFOPLIST_KEY_UIApplicationSupportsIndirectInputEvents[sdk=iphonesimulator*]" = YES;
				"INFOPLIST_KEY_UILaunchScreen_Generation[sdk=iphoneos*]" = YES;
				"INFOPLIST_KEY_UILaunchScreen_Generation[sdk=iphonesimulator*]" = YES;
				"INFOPLIST_KEY_UIStatusBarStyle[sdk=iphoneos*]" = UIStatusBarStyleDefault;
				"INFOPLIST_KEY_UIStatusBarStyle[sdk=iphonesimulator*]" = UIStatusBarStyleDefault;
				INFOPLIST_KEY_UISupportedInterfaceOrientations_iPad = "UIInterfaceOrientationPortrait UIInterfaceOrientationPortraitUpsideDown UIInterfaceOrientationLandscapeLeft UIInterfaceOrientationLandscapeRight";
				INFOPLIST_KEY_UISupportedInterfaceOrientations_iPhone = "UIInterfaceOrientationPortrait UIInterfaceOrientationLandscapeLeft UIInterfaceOrientationLandscapeRight";
				IPHONEOS_DEPLOYMENT_TARGET = 18.2;
				LD_RUNPATH_SEARCH_PATHS = "@executable_path/Frameworks";
				"LD_RUNPATH_SEARCH_PATHS[sdk=macosx*]" = "@executable_path/../Frameworks";
				MACOSX_DEPLOYMENT_TARGET = 15.2;
				MARKETING_VERSION = 1.0;
				PRODUCT_BUNDLE_IDENTIFIER = com.bindify.DiaryApp;
				PRODUCT_NAME = "$(TARGET_NAME)";
				SDKROOT = auto;
				SUPPORTED_PLATFORMS = "iphoneos iphonesimulator macosx xros xrsimulator";
				SWIFT_EMIT_LOC_STRINGS = YES;
				SWIFT_VERSION = 5.0;
				TARGETED_DEVICE_FAMILY = "1,2,7";
				XROS_DEPLOYMENT_TARGET = 2.2;
			};
			name = Release;
		};
		7745707D2DDCFF05004AB32E /* Debug */ = {
			isa = XCBuildConfiguration;
			buildSettings = {
				BUNDLE_LOADER = "$(TEST_HOST)";
				CODE_SIGN_STYLE = Automatic;
				CURRENT_PROJECT_VERSION = 1;
				DEAD_CODE_STRIPPING = YES;
				GENERATE_INFOPLIST_FILE = YES;
				IPHONEOS_DEPLOYMENT_TARGET = 18.2;
				MACOSX_DEPLOYMENT_TARGET = 15.2;
				MARKETING_VERSION = 1.0;
				PRODUCT_BUNDLE_IDENTIFIER = com.bindify.DiaryAppTests;
				PRODUCT_NAME = "$(TARGET_NAME)";
				SDKROOT = auto;
				SUPPORTED_PLATFORMS = "iphoneos iphonesimulator macosx xros xrsimulator";
				SWIFT_EMIT_LOC_STRINGS = NO;
				SWIFT_VERSION = 5.0;
				TARGETED_DEVICE_FAMILY = "1,2,7";
				TEST_HOST = "$(BUILT_PRODUCTS_DIR)/DiaryApp.app/$(BUNDLE_EXECUTABLE_FOLDER_PATH)/DiaryApp";
				XROS_DEPLOYMENT_TARGET = 2.2;
			};
			name = Debug;
		};
		7745707E2DDCFF05004AB32E /* Release */ = {
			isa = XCBuildConfiguration;
			buildSettings = {
				BUNDLE_LOADER = "$(TEST_HOST)";
				CODE_SIGN_STYLE = Automatic;
				CURRENT_PROJECT_VERSION = 1;
				DEAD_CODE_STRIPPING = YES;
				GENERATE_INFOPLIST_FILE = YES;
				IPHONEOS_DEPLOYMENT_TARGET = 18.2;
				MACOSX_DEPLOYMENT_TARGET = 15.2;
				MARKETING_VERSION = 1.0;
				PRODUCT_BUNDLE_IDENTIFIER = com.bindify.DiaryAppTests;
				PRODUCT_NAME = "$(TARGET_NAME)";
				SDKROOT = auto;
				SUPPORTED_PLATFORMS = "iphoneos iphonesimulator macosx xros xrsimulator";
				SWIFT_EMIT_LOC_STRINGS = NO;
				SWIFT_VERSION = 5.0;
				TARGETED_DEVICE_FAMILY = "1,2,7";
				TEST_HOST = "$(BUILT_PRODUCTS_DIR)/DiaryApp.app/$(BUNDLE_EXECUTABLE_FOLDER_PATH)/DiaryApp";
				XROS_DEPLOYMENT_TARGET = 2.2;
			};
			name = Release;
		};
		774570802DDCFF05004AB32E /* Debug */ = {
			isa = XCBuildConfiguration;
			buildSettings = {
				CODE_SIGN_STYLE = Automatic;
				CURRENT_PROJECT_VERSION = 1;
				DEAD_CODE_STRIPPING = YES;
				GENERATE_INFOPLIST_FILE = YES;
				IPHONEOS_DEPLOYMENT_TARGET = 18.2;
				MACOSX_DEPLOYMENT_TARGET = 15.2;
				MARKETING_VERSION = 1.0;
				PRODUCT_BUNDLE_IDENTIFIER = com.bindify.DiaryAppUITests;
				PRODUCT_NAME = "$(TARGET_NAME)";
				SDKROOT = auto;
				SUPPORTED_PLATFORMS = "iphoneos iphonesimulator macosx xros xrsimulator";
				SWIFT_EMIT_LOC_STRINGS = NO;
				SWIFT_VERSION = 5.0;
				TARGETED_DEVICE_FAMILY = "1,2,7";
				TEST_TARGET_NAME = DiaryApp;
				XROS_DEPLOYMENT_TARGET = 2.2;
			};
			name = Debug;
		};
		774570812DDCFF05004AB32E /* Release */ = {
			isa = XCBuildConfiguration;
			buildSettings = {
				CODE_SIGN_STYLE = Automatic;
				CURRENT_PROJECT_VERSION = 1;
				DEAD_CODE_STRIPPING = YES;
				GENERATE_INFOPLIST_FILE = YES;
				IPHONEOS_DEPLOYMENT_TARGET = 18.2;
				MACOSX_DEPLOYMENT_TARGET = 15.2;
				MARKETING_VERSION = 1.0;
				PRODUCT_BUNDLE_IDENTIFIER = com.bindify.DiaryAppUITests;
				PRODUCT_NAME = "$(TARGET_NAME)";
				SDKROOT = auto;
				SUPPORTED_PLATFORMS = "iphoneos iphonesimulator macosx xros xrsimulator";
				SWIFT_EMIT_LOC_STRINGS = NO;
				SWIFT_VERSION = 5.0;
				TARGETED_DEVICE_FAMILY = "1,2,7";
				TEST_TARGET_NAME = DiaryApp;
				XROS_DEPLOYMENT_TARGET = 2.2;
			};
			name = Release;
		};
/* End XCBuildConfiguration section */

/* Begin XCConfigurationList section */
		7745704F2DDCFF04004AB32E /* Build configuration list for PBXProject "DiaryApp" */ = {
			isa = XCConfigurationList;
			buildConfigurations = (
				774570772DDCFF05004AB32E /* Debug */,
				774570782DDCFF05004AB32E /* Release */,
			);
			defaultConfigurationIsVisible = 0;
			defaultConfigurationName = Release;
		};
		774570792DDCFF05004AB32E /* Build configuration list for PBXNativeTarget "DiaryApp" */ = {
			isa = XCConfigurationList;
			buildConfigurations = (
				7745707A2DDCFF05004AB32E /* Debug */,
				7745707B2DDCFF05004AB32E /* Release */,
			);
			defaultConfigurationIsVisible = 0;
			defaultConfigurationName = Release;
		};
		7745707C2DDCFF05004AB32E /* Build configuration list for PBXNativeTarget "DiaryAppTests" */ = {
			isa = XCConfigurationList;
			buildConfigurations = (
				7745707D2DDCFF05004AB32E /* Debug */,
				7745707E2DDCFF05004AB32E /* Release */,
			);
			defaultConfigurationIsVisible = 0;
			defaultConfigurationName = Release;
		};
		7745707F2DDCFF05004AB32E /* Build configuration list for PBXNativeTarget "DiaryAppUITests" */ = {
			isa = XCConfigurationList;
			buildConfigurations = (
				774570802DDCFF05004AB32E /* Debug */,
				774570812DDCFF05004AB32E /* Release */,
			);
			defaultConfigurationIsVisible = 0;
			defaultConfigurationName = Release;
		};
/* End XCConfigurationList section */

/* Begin XCRemoteSwiftPackageReference section */
		77BF55632F8535DA00E1D60D /* XCRemoteSwiftPackageReference "chiui" */ = {
			isa = XCRemoteSwiftPackageReference;
			repositoryURL = "https://github.com/den-ree/chiui";
			requirement = {
				kind = exactVersion;
				version = 1.0.1;
			};
		};
/* End XCRemoteSwiftPackageReference section */

/* Begin XCSwiftPackageProductDependency section */
		774570BA2DDD0216004AB32E /* Chiui */ = {
			isa = XCSwiftPackageProductDependency;
			productName = Chiui;
		};
		77BF54982F7579CE00E1D60D /* Chiui */ = {
			isa = XCSwiftPackageProductDependency;
			productName = Chiui;
		};
		77BF55072F7D4D2100E1D60D /* Chiui */ = {
			isa = XCSwiftPackageProductDependency;
			productName = Chiui;
		};
		77BF550A2F7D4D6400E1D60D /* Chiui */ = {
			isa = XCSwiftPackageProductDependency;
			productName = Chiui;
		};
		77BF550D2F7D4D7200E1D60D /* Chiui */ = {
			isa = XCSwiftPackageProductDependency;
			productName = Chiui;
		};
		77BF55642F8535DA00E1D60D /* Chiui */ = {
			isa = XCSwiftPackageProductDependency;
			package = 77BF55632F8535DA00E1D60D /* XCRemoteSwiftPackageReference "chiui" */;
			productName = Chiui;
		};
/* End XCSwiftPackageProductDependency section */
	};
	rootObject = 7745704C2DDCFF04004AB32E /* Project object */;
}
